
Microsoft Visual Studio Solution File, Format Version 12.00
# Visual Studio Version 17
VisualStudioVersion = 17.1.32228.430
MinimumVisualStudioVersion = 10.0.40219.1
Project("{9A19103F-16F7-4668-BE54-9A1E7A4F7556}") = "Denrage.AchievementTrackerModule", "Denrage.AchievementTrackerModule.csproj", "{68162D5E-35E6-4725-BF7D-ACECB95D15E6}"
EndProject
Global
	GlobalSection(SolutionConfigurationPlatforms) = preSolution
		Debug|x64 = Debug|x64
		Release|x64 = Release|x64
	EndGlobalSection
	GlobalSection(ProjectConfigurationPlatforms) = postSolution
		{68162D5E-35E6-4725-BF7D-ACECB95D15E6}.Debug|x64.ActiveCfg = Debug|Any CPU
		{68162D5E-35E6-4725-BF7D-ACECB95D15E6}.Debug|x64.Build.0 = Debug|Any CPU
		{68162D5E-35E6-4725-BF7D-ACECB95D15E6}.Release|x64.ActiveCfg = Release|Any CPU
		{68162D5E-35E6-4725-BF7D-ACECB95D15E6}.Release|x64.Build.0 = Release|Any CPU
	EndGlobalSection
	GlobalSection(SolutionProperties) = preSolution
		HideSolutionNode = FALSE
	EndGlobalSection
	GlobalSection(ExtensibilityGlobals) = postSolution
		SolutionGuid = {9C6FFF03-ED15-4320-AE09-3B8AAA232EAD}
	EndGlobalSection
EndGlobal
