
Microsoft Visual Studio Solution File, Format Version 12.00
# Visual Studio Version 17
VisualStudioVersion = 17.1.32421.90
MinimumVisualStudioVersion = 10.0.40219.1
Project("{FAE04EC0-301F-11D3-BF4B-00C04F79EFBC}") = "InteractiveMapTest", "InteractiveMapTest.csproj", "{CBF73937-1AC2-45E6-AEA9-9E4D76043520}"
EndProject
Global
	GlobalSection(SolutionConfigurationPlatforms) = preSolution
		Debug|Any CPU = Debug|Any CPU
		Release|Any CPU = Release|Any CPU
	EndGlobalSection
	GlobalSection(ProjectConfigurationPlatforms) = postSolution
		{CBF73937-1AC2-45E6-AEA9-9E4D76043520}.Debug|Any CPU.ActiveCfg = Debug|Any CPU
		{CBF73937-1AC2-45E6-AEA9-9E4D76043520}.Debug|Any CPU.Build.0 = Debug|Any CPU
		{CBF73937-1AC2-45E6-AEA9-9E4D76043520}.Release|Any CPU.ActiveCfg = Release|Any CPU
		{CBF73937-1AC2-45E6-AEA9-9E4D76043520}.Release|Any CPU.Build.0 = Release|Any CPU
	EndGlobalSection
	GlobalSection(SolutionProperties) = preSolution
		HideSolutionNode = FALSE
	EndGlobalSection
	GlobalSection(ExtensibilityGlobals) = postSolution
		SolutionGuid = {2BF0CBDB-9584-45CC-9DFE-F7BB9C0C1D25}
	EndGlobalSection
EndGlobal
